// !$*UTF8*$!
{
	archiveVersion = 1;
	classes = {
	};
	objectVersion = 46;
	objects = {

/* Begin PBXBuildFile section */
		982C16371C6A840E009358B6 /* ConversionViewController.swift in Sources */ = {isa = PBXBuildFile; fileRef = 982C16361C6A840E009358B6 /* ConversionViewController.swift */; };
		982C16571C71585D009358B6 /* MapKit.framework in Frameworks */ = {isa = PBXBuildFile; fileRef = 982C16561C71585D009358B6 /* MapKit.framework */; };
		982C16591C716561009358B6 /* MapViewController.swift in Sources */ = {isa = PBXBuildFile; fileRef = 982C16581C716561009358B6 /* MapViewController.swift */; };
		9843E9CD1C686BFF00078DEC /* AppDelegate.swift in Sources */ = {isa = PBXBuildFile; fileRef = 9843E9CC1C686BFF00078DEC /* AppDelegate.swift */; };
		9843E9D21C686BFF00078DEC /* Main.storyboard in Resources */ = {isa = PBXBuildFile; fileRef = 9843E9D01C686BFF00078DEC /* Main.storyboard */; };
		9843E9D41C686BFF00078DEC /* Assets.xcassets in Resources */ = {isa = PBXBuildFile; fileRef = 9843E9D31C686BFF00078DEC /* Assets.xcassets */; };
		9843E9D71C686BFF00078DEC /* LaunchScreen.storyboard in Resources */ = {isa = PBXBuildFile; fileRef = 9843E9D51C686BFF00078DEC /* LaunchScreen.storyboard */; };
/* End PBXBuildFile section */

/* Begin PBXFileReference section */
		982C16361C6A840E009358B6 /* ConversionViewController.swift */ = {isa = PBXFileReference; fileEncoding = 4; lastKnownFileType = sourcecode.swift; name = ConversionViewController.swift; path = ../ConversionViewController.swift; sourceTree = "<group>"; };
		982C16561C71585D009358B6 /* MapKit.framework */ = {isa = PBXFileReference; lastKnownFileType = wrapper.framework; name = MapKit.framework; path = System/Library/Frameworks/MapKit.framework; sourceTree = SDKROOT; };
		982C16581C716561009358B6 /* MapViewController.swift */ = {isa = PBXFileReference; fileEncoding = 4; lastKnownFileType = sourcecode.swift; path = MapViewController.swift; sourceTree = "<group>"; };
		9843E9C91C686BFF00078DEC /* WorldTrotter.app */ = {isa = PBXFileReference; explicitFileType = wrapper.application; includeInIndex = 0; path = WorldTrotter.app; sourceTree = BUILT_PRODUCTS_DIR; };
		9843E9CC1C686BFF00078DEC /* AppDelegate.swift */ = {isa = PBXFileReference; lastKnownFileType = sourcecode.swift; path = AppDelegate.swift; sourceTree = "<group>"; };
		9843E9D11C686BFF00078DEC /* Base */ = {isa = PBXFileReference; lastKnownFileType = file.storyboard; name = Base; path = Base.lproj/Main.storyboard; sourceTree = "<group>"; };
		9843E9D31C686BFF00078DEC /* Assets.xcassets */ = {isa = PBXFileReference; lastKnownFileType = folder.assetcatalog; path = Assets.xcassets; sourceTree = "<group>"; };
		9843E9D61C686BFF00078DEC /* Base */ = {isa = PBXFileReference; lastKnownFileType = file.storyboard; name = Base; path = Base.lproj/LaunchScreen.storyboard; sourceTree = "<group>"; };
		9843E9D81C686BFF00078DEC /* Info.plist */ = {isa = PBXFileReference; lastKnownFileType = text.plist.xml; path = Info.plist; sourceTree = "<group>"; };
/* End PBXFileReference section */

/* Begin PBXFrameworksBuildPhase section */
		9843E9C61C686BFF00078DEC /* Frameworks */ = {
			isa = PBXFrameworksBuildPhase;
			buildActionMask = 2147483647;
			files = (
				982C16571C71585D009358B6 /* MapKit.framework in Frameworks */,
			);
			runOnlyForDeploymentPostprocessing = 0;
		};
/* End PBXFrameworksBuildPhase section */

/* Begin PBXGroup section */
		9843E9C01C686BFF00078DEC = {
			isa = PBXGroup;
			children = (
				982C16561C71585D009358B6 /* MapKit.framework */,
				9843E9CB1C686BFF00078DEC /* WorldTrotter */,
				9843E9CA1C686BFF00078DEC /* Products */,
			);
			sourceTree = "<group>";
		};
		9843E9CA1C686BFF00078DEC /* Products */ = {
			isa = PBXGroup;
			children = (
				9843E9C91C686BFF00078DEC /* WorldTrotter.app */,
			);
			name = Products;
			sourceTree = "<group>";
		};
		9843E9CB1C686BFF00078DEC /* WorldTrotter */ = {
			isa = PBXGroup;
			children = (
				982C16361C6A840E009358B6 /* ConversionViewController.swift */,
				9843E9CC1C686BFF00078DEC /* AppDelegate.swift */,
				9843E9D01C686BFF00078DEC /* Main.storyboard */,
				982C16581C716561009358B6 /* MapViewController.swift */,
				9843E9D31C686BFF00078DEC /* Assets.xcassets */,
				9843E9D51C686BFF00078DEC /* LaunchScreen.storyboard */,
				9843E9D81C686BFF00078DEC /* Info.plist */,
			);
			path = WorldTrotter;
			sourceTree = "<group>";
		};
/* End PBXGroup section */

/* Begin PBXNativeTarget section */
		9843E9C81C686BFF00078DEC /* WorldTrotter */ = {
			isa = PBXNativeTarget;
			buildConfigurationList = 9843E9DB1C686BFF00078DEC /* Build configuration list for PBXNativeTarget "WorldTrotter" */;
			buildPhases = (
				9843E9C51C686BFF00078DEC /* Sources */,
				9843E9C61C686BFF00078DEC /* Frameworks */,
				9843E9C71C686BFF00078DEC /* Resources */,
			);
			buildRules = (
			);
			dependencies = (
			);
			name = WorldTrotter;
			productName = WorldTrotter;
			productReference = 9843E9C91C686BFF00078DEC /* WorldTrotter.app */;
			productType = "com.apple.product-type.application";
		};
/* End PBXNativeTarget section */

/* Begin PBXProject section */
		9843E9C11C686BFF00078DEC /* Project object */ = {
			isa = PBXProject;
			attributes = {
				LastSwiftUpdateCheck = 0730;
				LastUpgradeCheck = 0730;
				ORGANIZATIONNAME = "Neill Chua";
				TargetAttributes = {
					9843E9C81C686BFF00078DEC = {
						CreatedOnToolsVersion = 7.3;
					};
				};
			};
			buildConfigurationList = 9843E9C41C686BFF00078DEC /* Build configuration list for PBXProject "WorldTrotter" */;
			compatibilityVersion = "Xcode 3.2";
			developmentRegion = English;
			hasScannedForEncodings = 0;
			knownRegions = (
				en,
				Base,
			);
			mainGroup = 9843E9C01C686BFF00078DEC;
			productRefGroup = 9843E9CA1C686BFF00078DEC /* Products */;
			projectDirPath = "";
			projectRoot = "";
			targets = (
				9843E9C81C686BFF00078DEC /* WorldTrotter */,
			);
		};
/* End PBXProject section */

/* Begin PBXResourcesBuildPhase section */
		9843E9C71C686BFF00078DEC /* Resources */ = {
			isa = PBXResourcesBuildPhase;
			buildActionMask = 2147483647;
			files = (
				9843E9D71C686BFF00078DEC /* LaunchScreen.storyboard in Resources */,
				9843E9D41C686BFF00078DEC /* Assets.xcassets in Resources */,
				9843E9D21C686BFF00078DEC /* Main.storyboard in Resources */,
			);
			runOnlyForDeploymentPostprocessing = 0;
		};
/* End PBXResourcesBuildPhase section */

/* Begin PBXSourcesBuildPhase section */
		9843E9C51C686BFF00078DEC /* Sources */ = {
			isa = PBXSourcesBuildPhase;
			buildActionMask = 2147483647;
			files = (
				982C16371C6A840E009358B6 /* ConversionViewController.swift in Sources */,
				982C16591C716561009358B6 /* MapViewController.swift in Sources */,
				9843E9CD1C686BFF00078DEC /* AppDelegate.swift in Sources */,
			);
			runOnlyForDeploymentPostprocessing = 0;
		};
/* End PBXSourcesBuildPhase section */

/* Begin PBXVariantGroup section */
		9843E9D01C686BFF00078DEC /* Main.storyboard */ = {
			isa = PBXVariantGroup;
			children = (
				9843E9D11C686BFF00078DEC /* Base */,
			);
			name = Main.storyboard;
			sourceTree = "<group>";
		};
		9843E9D51C686BFF00078DEC /* LaunchScreen.storyboard */ = {
			isa = PBXVariantGroup;
			children = (
				9843E9D61C686BFF00078DEC /* Base */,
			);
			name = LaunchScreen.storyboard;
			sourceTree = "<group>";
		};
/* End PBXVariantGroup section */

/* Begin XCBuildConfiguration section */
		9843E9D91C686BFF00078DEC /* Debug */ = {
			isa = XCBuildConfiguration;
			buildSettings = {
				ALWAYS_SEARCH_USER_PATHS = NO;
				CLANG_CXX_LANGUAGE_STANDARD = "gnu++0x";
				CLANG_CXX_LIBRARY = "libc++";
				CLANG_ENABLE_MODULES = YES;
				CLANG_ENABLE_OBJC_ARC = YES;
				CLANG_WARN_BOOL_CONVERSION = YES;
				CLANG_WARN_CONSTANT_CONVERSION = YES;
				CLANG_WARN_DIRECT_OBJC_ISA_USAGE = YES_ERROR;
				CLANG_WARN_EMPTY_BODY = YES;
				CLANG_WARN_ENUM_CONVERSION = YES;
				CLANG_WARN_INT_CONVERSION = YES;
				CLANG_WARN_OBJC_ROOT_CLASS = YES_ERROR;
				CLANG_WARN_UNREACHABLE_CODE = YES;
				CLANG_WARN__DUPLICATE_METHOD_MATCH = YES;
				"CODE_SIGN_IDENTITY[sdk=iphoneos*]" = "iPhone Developer";
				COPY_PHASE_STRIP = NO;
				DEBUG_INFORMATION_FORMAT = dwarf;
				ENABLE_STRICT_OBJC_MSGSEND = YES;
				ENABLE_TESTABILITY = YES;
				GCC_C_LANGUAGE_STANDARD = gnu99;
				GCC_DYNAMIC_NO_PIC = NO;
				GCC_NO_COMMON_BLOCKS = YES;
				GCC_OPTIMIZATION_LEVEL = 0;
				GCC_PREPROCESSOR_DEFINITIONS = (
					"DEBUG=1",
					"$(inherited)",
				);
				GCC_WARN_64_TO_32_BIT_CONVERSION = YES;
				GCC_WARN_ABOUT_RETURN_TYPE = YES_ERROR;
				GCC_WARN_UNDECLARED_SELECTOR = YES;
				GCC_WARN_UNINITIALIZED_AUTOS = YES_AGGRESSIVE;
				GCC_WARN_UNUSED_FUNCTION = YES;
				GCC_WARN_UNUSED_VARIABLE = YES;
				IPHONEOS_DEPLOYMENT_TARGET = 9.3;
				MTL_ENABLE_DEBUG_INFO = YES;
				ONLY_ACTIVE_ARCH = YES;
				SDKROOT = iphoneos;
				SWIFT_OPTIMIZATION_LEVEL = "-Onone";
			};
			name = Debug;
		};
		9843E9DA1C686BFF00078DEC /* Release */ = {
			isa = XCBuildConfiguration;
			buildSettings = {
				ALWAYS_SEARCH_USER_PATHS = NO;
				CLANG_CXX_LANGUAGE_STANDARD = "gnu++0x";
				CLANG_CXX_LIBRARY = "libc++";
				CLANG_ENABLE_MODULES = YES;
				CLANG_ENABLE_OBJC_ARC = YES;
				CLANG_WARN_BOOL_CONVERSION = YES;
				CLANG_WARN_CONSTANT_CONVERSION = YES;
				CLANG_WARN_DIRECT_OBJC_ISA_USAGE = YES_ERROR;
				CLANG_WARN_EMPTY_BODY = YES;
				CLANG_WARN_ENUM_CONVERSION = YES;
				CLANG_WARN_INT_CONVERSION = YES;
				CLANG_WARN_OBJC_ROOT_CLASS = YES_ERROR;
				CLANG_WARN_UNREACHABLE_CODE = YES;
				CLANG_WARN__DUPLICATE_METHOD_MATCH = YES;
				"CODE_SIGN_IDENTITY[sdk=iphoneos*]" = "iPhone Developer";
				COPY_PHASE_STRIP = NO;
				DEBUG_INFORMATION_FORMAT = "dwarf-with-dsym";
				ENABLE_NS_ASSERTIONS = NO;
				ENABLE_STRICT_OBJC_MSGSEND = YES;
				GCC_C_LANGUAGE_STANDARD = gnu99;
				GCC_NO_COMMON_BLOCKS = YES;
				GCC_WARN_64_TO_32_BIT_CONVERSION = YES;
				GCC_WARN_ABOUT_RETURN_TYPE = YES_ERROR;
				GCC_WARN_UNDECLARED_SELECTOR = YES;
				GCC_WARN_UNINITIALIZED_AUTOS = YES_AGGRESSIVE;
				GCC_WARN_UNUSED_FUNCTION = YES;
				GCC_WARN_UNUSED_VARIABLE = YES;
				IPHONEOS_DEPLOYMENT_TARGET = 9.3;
				MTL_ENABLE_DEBUG_INFO = NO;
				SDKROOT = iphoneos;
				VALIDATE_PRODUCT = YES;
			};
			name = Release;
		};
		9843E9DC1C686BFF00078DEC /* Debug */ = {
			isa = XCBuildConfiguration;
			buildSettings = {
				ASSETCATALOG_COMPILER_APPICON_NAME = AppIcon;
				INFOPLIST_FILE = WorldTrotter/Info.plist;
				LD_RUNPATH_SEARCH_PATHS = "$(inherited) @executable_path/Frameworks";
				PRODUCT_BUNDLE_IDENTIFIER = com.neillchua.WorldTrotter;
				PRODUCT_NAME = "$(TARGET_NAME)";
			};
			name = Debug;
		};
		9843E9DD1C686BFF00078DEC /* Release */ = {
			isa = XCBuildConfiguration;
			buildSettings = {
				ASSETCATALOG_COMPILER_APPICON_NAME = AppIcon;
				INFOPLIST_FILE = WorldTrotter/Info.plist;
				LD_RUNPATH_SEARCH_PATHS = "$(inherited) @executable_path/Frameworks";
				PRODUCT_BUNDLE_IDENTIFIER = com.neillchua.WorldTrotter;
				PRODUCT_NAME = "$(TARGET_NAME)";
			};
			name = Release;
		};
/* End XCBuildConfiguration section */

/* Begin XCConfigurationList section */
		9843E9C41C686BFF00078DEC /* Build configuration list for PBXProject "WorldTrotter" */ = {
			isa = XCConfigurationList;
			buildConfigurations = (
				9843E9D91C686BFF00078DEC /* Debug */,
				9843E9DA1C686BFF00078DEC /* Release */,
			);
			defaultConfigurationIsVisible = 0;
			defaultConfigurationName = Release;
		};
		9843E9DB1C686BFF00078DEC /* Build configuration list for PBXNativeTarget "WorldTrotter" */ = {
			isa = XCConfigurationList;
			buildConfigurations = (
				9843E9DC1C686BFF00078DEC /* Debug */,
				9843E9DD1C686BFF00078DEC /* Release */,
			);
			defaultConfigurationIsVisible = 0;
			defaultConfigurationName = Release;
		};
/* End XCConfigurationList section */
	};
	rootObject = 9843E9C11C686BFF00078DEC /* Project object */;
}
