// !$*UTF8*$!
{
	archiveVersion = 1;
	classes = {
	};
	objectVersion = 46;
	objects = {

/* Begin PBXBuildFile section */
		98F3D9AA1CB482F2008BF80F /* AppDelegate.swift in Sources */ = {isa = PBXBuildFile; fileRef = 98F3D9A91CB482F2008BF80F /* AppDelegate.swift */; };
		98F3D9AC1CB482F2008BF80F /* CounterViewController.swift in Sources */ = {isa = PBXBuildFile; fileRef = 98F3D9AB1CB482F2008BF80F /* CounterViewController.swift */; };
		98F3D9AF1CB482F2008BF80F /* Main.storyboard in Resources */ = {isa = PBXBuildFile; fileRef = 98F3D9AD1CB482F2008BF80F /* Main.storyboard */; };
		98F3D9B11CB482F2008BF80F /* Assets.xcassets in Resources */ = {isa = PBXBuildFile; fileRef = 98F3D9B01CB482F2008BF80F /* Assets.xcassets */; };
		98F3D9B41CB482F2008BF80F /* LaunchScreen.storyboard in Resources */ = {isa = PBXBuildFile; fileRef = 98F3D9B21CB482F2008BF80F /* LaunchScreen.storyboard */; };
		98F3D9BC1CB486CC008BF80F /* Counter.swift in Sources */ = {isa = PBXBuildFile; fileRef = 98F3D9BB1CB486CC008BF80F /* Counter.swift */; };
		98F3D9BE1CB486DC008BF80F /* CounterStore.swift in Sources */ = {isa = PBXBuildFile; fileRef = 98F3D9BD1CB486DC008BF80F /* CounterStore.swift */; };
		98F3D9C01CB49130008BF80F /* ListViewController.swift in Sources */ = {isa = PBXBuildFile; fileRef = 98F3D9BF1CB49130008BF80F /* ListViewController.swift */; };
/* End PBXBuildFile section */

/* Begin PBXFileReference section */
		98F3D9A61CB482F2008BF80F /* counterAppV2.app */ = {isa = PBXFileReference; explicitFileType = wrapper.application; includeInIndex = 0; path = counterAppV2.app; sourceTree = BUILT_PRODUCTS_DIR; };
		98F3D9A91CB482F2008BF80F /* AppDelegate.swift */ = {isa = PBXFileReference; lastKnownFileType = sourcecode.swift; path = AppDelegate.swift; sourceTree = "<group>"; };
		98F3D9AB1CB482F2008BF80F /* CounterViewController.swift */ = {isa = PBXFileReference; lastKnownFileType = sourcecode.swift; path = CounterViewController.swift; sourceTree = "<group>"; };
		98F3D9AE1CB482F2008BF80F /* Base */ = {isa = PBXFileReference; lastKnownFileType = file.storyboard; name = Base; path = Base.lproj/Main.storyboard; sourceTree = "<group>"; };
		98F3D9B01CB482F2008BF80F /* Assets.xcassets */ = {isa = PBXFileReference; lastKnownFileType = folder.assetcatalog; path = Assets.xcassets; sourceTree = "<group>"; };
		98F3D9B31CB482F2008BF80F /* Base */ = {isa = PBXFileReference; lastKnownFileType = file.storyboard; name = Base; path = Base.lproj/LaunchScreen.storyboard; sourceTree = "<group>"; };
		98F3D9B51CB482F2008BF80F /* Info.plist */ = {isa = PBXFileReference; lastKnownFileType = text.plist.xml; path = Info.plist; sourceTree = "<group>"; };
		98F3D9BB1CB486CC008BF80F /* Counter.swift */ = {isa = PBXFileReference; fileEncoding = 4; lastKnownFileType = sourcecode.swift; path = Counter.swift; sourceTree = "<group>"; };
		98F3D9BD1CB486DC008BF80F /* CounterStore.swift */ = {isa = PBXFileReference; fileEncoding = 4; lastKnownFileType = sourcecode.swift; path = CounterStore.swift; sourceTree = "<group>"; };
		98F3D9BF1CB49130008BF80F /* ListViewController.swift */ = {isa = PBXFileReference; fileEncoding = 4; lastKnownFileType = sourcecode.swift; path = ListViewController.swift; sourceTree = "<group>"; };
/* End PBXFileReference section */

/* Begin PBXFrameworksBuildPhase section */
		98F3D9A31CB482F2008BF80F /* Frameworks */ = {
			isa = PBXFrameworksBuildPhase;
			buildActionMask = 2147483647;
			files = (
			);
			runOnlyForDeploymentPostprocessing = 0;
		};
/* End PBXFrameworksBuildPhase section */

/* Begin PBXGroup section */
		98F3D99D1CB482F2008BF80F = {
			isa = PBXGroup;
			children = (
				98F3D9A81CB482F2008BF80F /* counterAppV2 */,
				98F3D9A71CB482F2008BF80F /* Products */,
			);
			sourceTree = "<group>";
		};
		98F3D9A71CB482F2008BF80F /* Products */ = {
			isa = PBXGroup;
			children = (
				98F3D9A61CB482F2008BF80F /* counterAppV2.app */,
			);
			name = Products;
			sourceTree = "<group>";
		};
		98F3D9A81CB482F2008BF80F /* counterAppV2 */ = {
			isa = PBXGroup;
			children = (
				98F3D9A91CB482F2008BF80F /* AppDelegate.swift */,
				98F3D9AB1CB482F2008BF80F /* CounterViewController.swift */,
				98F3D9AD1CB482F2008BF80F /* Main.storyboard */,
				98F3D9BF1CB49130008BF80F /* ListViewController.swift */,
				98F3D9BB1CB486CC008BF80F /* Counter.swift */,
				98F3D9BD1CB486DC008BF80F /* CounterStore.swift */,
				98F3D9B01CB482F2008BF80F /* Assets.xcassets */,
				98F3D9B21CB482F2008BF80F /* LaunchScreen.storyboard */,
				98F3D9B51CB482F2008BF80F /* Info.plist */,
			);
			path = counterAppV2;
			sourceTree = "<group>";
		};
/* End PBXGroup section */

/* Begin PBXNativeTarget section */
		98F3D9A51CB482F2008BF80F /* counterAppV2 */ = {
			isa = PBXNativeTarget;
			buildConfigurationList = 98F3D9B81CB482F2008BF80F /* Build configuration list for PBXNativeTarget "counterAppV2" */;
			buildPhases = (
				98F3D9A21CB482F2008BF80F /* Sources */,
				98F3D9A31CB482F2008BF80F /* Frameworks */,
				98F3D9A41CB482F2008BF80F /* Resources */,
			);
			buildRules = (
			);
			dependencies = (
			);
			name = counterAppV2;
			productName = counterAppV2;
			productReference = 98F3D9A61CB482F2008BF80F /* counterAppV2.app */;
			productType = "com.apple.product-type.application";
		};
/* End PBXNativeTarget section */

/* Begin PBXProject section */
		98F3D99E1CB482F2008BF80F /* Project object */ = {
			isa = PBXProject;
			attributes = {
				LastSwiftUpdateCheck = 0730;
				LastUpgradeCheck = 0730;
				ORGANIZATIONNAME = "Neill Chua";
				TargetAttributes = {
					98F3D9A51CB482F2008BF80F = {
						CreatedOnToolsVersion = 7.3;
					};
				};
			};
			buildConfigurationList = 98F3D9A11CB482F2008BF80F /* Build configuration list for PBXProject "counterAppV2" */;
			compatibilityVersion = "Xcode 3.2";
			developmentRegion = English;
			hasScannedForEncodings = 0;
			knownRegions = (
				en,
				Base,
			);
			mainGroup = 98F3D99D1CB482F2008BF80F;
			productRefGroup = 98F3D9A71CB482F2008BF80F /* Products */;
			projectDirPath = "";
			projectRoot = "";
			targets = (
				98F3D9A51CB482F2008BF80F /* counterAppV2 */,
			);
		};
/* End PBXProject section */

/* Begin PBXResourcesBuildPhase section */
		98F3D9A41CB482F2008BF80F /* Resources */ = {
			isa = PBXResourcesBuildPhase;
			buildActionMask = 2147483647;
			files = (
				98F3D9B41CB482F2008BF80F /* LaunchScreen.storyboard in Resources */,
				98F3D9B11CB482F2008BF80F /* Assets.xcassets in Resources */,
				98F3D9AF1CB482F2008BF80F /* Main.storyboard in Resources */,
			);
			runOnlyForDeploymentPostprocessing = 0;
		};
/* End PBXResourcesBuildPhase section */

/* Begin PBXSourcesBuildPhase section */
		98F3D9A21CB482F2008BF80F /* Sources */ = {
			isa = PBXSourcesBuildPhase;
			buildActionMask = 2147483647;
			files = (
				98F3D9AC1CB482F2008BF80F /* CounterViewController.swift in Sources */,
				98F3D9BC1CB486CC008BF80F /* Counter.swift in Sources */,
				98F3D9BE1CB486DC008BF80F /* CounterStore.swift in Sources */,
				98F3D9C01CB49130008BF80F /* ListViewController.swift in Sources */,
				98F3D9AA1CB482F2008BF80F /* AppDelegate.swift in Sources */,
			);
			runOnlyForDeploymentPostprocessing = 0;
		};
/* End PBXSourcesBuildPhase section */

/* Begin PBXVariantGroup section */
		98F3D9AD1CB482F2008BF80F /* Main.storyboard */ = {
			isa = PBXVariantGroup;
			children = (
				98F3D9AE1CB482F2008BF80F /* Base */,
			);
			name = Main.storyboard;
			sourceTree = "<group>";
		};
		98F3D9B21CB482F2008BF80F /* LaunchScreen.storyboard */ = {
			isa = PBXVariantGroup;
			children = (
				98F3D9B31CB482F2008BF80F /* Base */,
			);
			name = LaunchScreen.storyboard;
			sourceTree = "<group>";
		};
/* End PBXVariantGroup section */

/* Begin XCBuildConfiguration section */
		98F3D9B61CB482F2008BF80F /* Debug */ = {
			isa = XCBuildConfiguration;
			buildSettings = {
				ALWAYS_SEARCH_USER_PATHS = NO;
				CLANG_CXX_LANGUAGE_STANDARD = "gnu++0x";
				CLANG_CXX_LIBRARY = "libc++";
				CLANG_ENABLE_MODULES = YES;
				CLANG_ENABLE_OBJC_ARC = YES;
				CLANG_WARN_BOOL_CONVERSION = YES;
				CLANG_WARN_CONSTANT_CONVERSION = YES;
				CLANG_WARN_DIRECT_OBJC_ISA_USAGE = YES_ERROR;
				CLANG_WARN_EMPTY_BODY = YES;
				CLANG_WARN_ENUM_CONVERSION = YES;
				CLANG_WARN_INT_CONVERSION = YES;
				CLANG_WARN_OBJC_ROOT_CLASS = YES_ERROR;
				CLANG_WARN_UNREACHABLE_CODE = YES;
				CLANG_WARN__DUPLICATE_METHOD_MATCH = YES;
				"CODE_SIGN_IDENTITY[sdk=iphoneos*]" = "iPhone Developer";
				COPY_PHASE_STRIP = NO;
				DEBUG_INFORMATION_FORMAT = dwarf;
				ENABLE_STRICT_OBJC_MSGSEND = YES;
				ENABLE_TESTABILITY = YES;
				GCC_C_LANGUAGE_STANDARD = gnu99;
				GCC_DYNAMIC_NO_PIC = NO;
				GCC_NO_COMMON_BLOCKS = YES;
				GCC_OPTIMIZATION_LEVEL = 0;
				GCC_PREPROCESSOR_DEFINITIONS = (
					"DEBUG=1",
					"$(inherited)",
				);
				GCC_WARN_64_TO_32_BIT_CONVERSION = YES;
				GCC_WARN_ABOUT_RETURN_TYPE = YES_ERROR;
				GCC_WARN_UNDECLARED_SELECTOR = YES;
				GCC_WARN_UNINITIALIZED_AUTOS = YES_AGGRESSIVE;
				GCC_WARN_UNUSED_FUNCTION = YES;
				GCC_WARN_UNUSED_VARIABLE = YES;
				IPHONEOS_DEPLOYMENT_TARGET = 9.3;
				MTL_ENABLE_DEBUG_INFO = YES;
				ONLY_ACTIVE_ARCH = YES;
				SDKROOT = iphoneos;
				SWIFT_OPTIMIZATION_LEVEL = "-Onone";
			};
			name = Debug;
		};
		98F3D9B71CB482F2008BF80F /* Release */ = {
			isa = XCBuildConfiguration;
			buildSettings = {
				ALWAYS_SEARCH_USER_PATHS = NO;
				CLANG_CXX_LANGUAGE_STANDARD = "gnu++0x";
				CLANG_CXX_LIBRARY = "libc++";
				CLANG_ENABLE_MODULES = YES;
				CLANG_ENABLE_OBJC_ARC = YES;
				CLANG_WARN_BOOL_CONVERSION = YES;
				CLANG_WARN_CONSTANT_CONVERSION = YES;
				CLANG_WARN_DIRECT_OBJC_ISA_USAGE = YES_ERROR;
				CLANG_WARN_EMPTY_BODY = YES;
				CLANG_WARN_ENUM_CONVERSION = YES;
				CLANG_WARN_INT_CONVERSION = YES;
				CLANG_WARN_OBJC_ROOT_CLASS = YES_ERROR;
				CLANG_WARN_UNREACHABLE_CODE = YES;
				CLANG_WARN__DUPLICATE_METHOD_MATCH = YES;
				"CODE_SIGN_IDENTITY[sdk=iphoneos*]" = "iPhone Developer";
				COPY_PHASE_STRIP = NO;
				DEBUG_INFORMATION_FORMAT = "dwarf-with-dsym";
				ENABLE_NS_ASSERTIONS = NO;
				ENABLE_STRICT_OBJC_MSGSEND = YES;
				GCC_C_LANGUAGE_STANDARD = gnu99;
				GCC_NO_COMMON_BLOCKS = YES;
				GCC_WARN_64_TO_32_BIT_CONVERSION = YES;
				GCC_WARN_ABOUT_RETURN_TYPE = YES_ERROR;
				GCC_WARN_UNDECLARED_SELECTOR = YES;
				GCC_WARN_UNINITIALIZED_AUTOS = YES_AGGRESSIVE;
				GCC_WARN_UNUSED_FUNCTION = YES;
				GCC_WARN_UNUSED_VARIABLE = YES;
				IPHONEOS_DEPLOYMENT_TARGET = 9.3;
				MTL_ENABLE_DEBUG_INFO = NO;
				SDKROOT = iphoneos;
				VALIDATE_PRODUCT = YES;
			};
			name = Release;
		};
		98F3D9B91CB482F2008BF80F /* Debug */ = {
			isa = XCBuildConfiguration;
			buildSettings = {
				ASSETCATALOG_COMPILER_APPICON_NAME = AppIcon;
				INFOPLIST_FILE = counterAppV2/Info.plist;
				LD_RUNPATH_SEARCH_PATHS = "$(inherited) @executable_path/Frameworks";
				PRODUCT_BUNDLE_IDENTIFIER = com.neillchua.counterAppV2;
				PRODUCT_NAME = "$(TARGET_NAME)";
			};
			name = Debug;
		};
		98F3D9BA1CB482F2008BF80F /* Release */ = {
			isa = XCBuildConfiguration;
			buildSettings = {
				ASSETCATALOG_COMPILER_APPICON_NAME = AppIcon;
				INFOPLIST_FILE = counterAppV2/Info.plist;
				LD_RUNPATH_SEARCH_PATHS = "$(inherited) @executable_path/Frameworks";
				PRODUCT_BUNDLE_IDENTIFIER = com.neillchua.counterAppV2;
				PRODUCT_NAME = "$(TARGET_NAME)";
			};
			name = Release;
		};
/* End XCBuildConfiguration section */

/* Begin XCConfigurationList section */
		98F3D9A11CB482F2008BF80F /* Build configuration list for PBXProject "counterAppV2" */ = {
			isa = XCConfigurationList;
			buildConfigurations = (
				98F3D9B61CB482F2008BF80F /* Debug */,
				98F3D9B71CB482F2008BF80F /* Release */,
			);
			defaultConfigurationIsVisible = 0;
			defaultConfigurationName = Release;
		};
		98F3D9B81CB482F2008BF80F /* Build configuration list for PBXNativeTarget "counterAppV2" */ = {
			isa = XCConfigurationList;
			buildConfigurations = (
				98F3D9B91CB482F2008BF80F /* Debug */,
				98F3D9BA1CB482F2008BF80F /* Release */,
			);
			defaultConfigurationIsVisible = 0;
			defaultConfigurationName = Release;
		};
/* End XCConfigurationList section */
	};
	rootObject = 98F3D99E1CB482F2008BF80F /* Project object */;
}
